
Microsoft Visual Studio Solution File, Format Version 12.00
# Visual Studio Version 16
VisualStudioVersion = 16.0.30114.105
MinimumVisualStudioVersion = 10.0.40219.1
Project("{F184B08F-C81C-45F6-A57F-5ABD9991F28F}") = "operaciones Basicas", "operaciones Basicas\operaciones Basicas.vbproj", "{1FB4BE4F-E3AD-4777-A4A7-A7E215DAB74B}"
EndProject
Global
	GlobalSection(SolutionConfigurationPlatforms) = preSolution
		Debug|Any CPU = Debug|Any CPU
		Release|Any CPU = Release|Any CPU
	EndGlobalSection
	GlobalSection(ProjectConfigurationPlatforms) = postSolution
		{1FB4BE4F-E3AD-4777-A4A7-A7E215DAB74B}.Debug|Any CPU.ActiveCfg = Debug|Any CPU
		{1FB4BE4F-E3AD-4777-A4A7-A7E215DAB74B}.Debug|Any CPU.Build.0 = Debug|Any CPU
		{1FB4BE4F-E3AD-4777-A4A7-A7E215DAB74B}.Release|Any CPU.ActiveCfg = Release|Any CPU
		{1FB4BE4F-E3AD-4777-A4A7-A7E215DAB74B}.Release|Any CPU.Build.0 = Release|Any CPU
	EndGlobalSection
	GlobalSection(SolutionProperties) = preSolution
		HideSolutionNode = FALSE
	EndGlobalSection
	GlobalSection(ExtensibilityGlobals) = postSolution
		SolutionGuid = {8012B3BC-A997-4F70-A6B8-0BD181E2A30A}
	EndGlobalSection
EndGlobal
